{
  "name": "babylonjs-editor-generated-template",
  "version": "3.2.0",
  "lockfileVersion": 1,
  "requires": true,
  "dependencies": {
    "@types/javascript-astar": {
      "version": "0.0.30",
      "resolved": "https://registry.npmjs.org/@types/javascript-astar/-/javascript-astar-0.0.30.tgz",
      "integrity": "sha512-Og0XLNWGBbc3fvQICNL/Q7sAzhfBIZLhR3jwth+fAe8NVkKfKFUwiBGpx7MS6imfSlbgo2ymossq5B+gUpprog==",
      "dev": true
    },
    "@types/systemjs": {
      "version": "0.20.6",
      "resolved": "https://registry.npmjs.org/@types/systemjs/-/systemjs-0.20.6.tgz",
      "integrity": "sha512-p3yv9sBBJXi3noUG216BpUI7VtVBUAvBIfZNTiDROUY31YBfsFHM4DreS7XMekN8IjtX0ysvCnm6r3WnirnNeA==",
      "dev": true
    },
    "async": {
      "version": "2.6.3",
      "resolved": "https://registry.npmjs.org/async/-/async-2.6.3.tgz",
      "integrity": "sha512-zflvls11DCy+dQWzTW2dzuilv8Z5X/pjfmZOWba6TNIVDm+2UDaJmXSOXlasHKfNBs8oo3M0aT50fDEWfKZjXg==",
      "dev": true,
      "requires": {
        "lodash": "^4.17.14"
      }
    },
    "babylonjs": {
      "version": "4.1.0-beta.3",
      "resolved": "https://registry.npmjs.org/babylonjs/-/babylonjs-4.1.0-beta.3.tgz",
      "integrity": "sha512-9C+AKJPWJmLN0azP5p4WwjsSA8YmEpUh52Tf/lD4OBOk2cBXHOk+LwYAxZAX8X98tAQvNjjw5uXeyNVVh+OYYw=="
    },
    "babylonjs-editor": {
      "version": "3.2.0",
      "resolved": "https://registry.npmjs.org/babylonjs-editor/-/babylonjs-editor-3.2.0.tgz",
      "integrity": "sha512-ymRCzKvu4VxwejOpd3HxO8eFx5k8pDkNEfGydcTnRIUw9tUU2HH++yV4mDlCnOJeEtPyhRmusBg/s44UQaTEEw=="
    },
    "babylonjs-gltf2interface": {
      "version": "4.1.0-beta.3",
      "resolved": "https://registry.npmjs.org/babylonjs-gltf2interface/-/babylonjs-gltf2interface-4.1.0-beta.3.tgz",
      "integrity": "sha512-4TNaZLr/l6H3Ib6OpX7qOfDMM8XMS0XBeH62NDm7FOKrSRRQww4ait0AqewHNhNfymakunLgRbO4nrlEf4tC/A=="
    },
    "babylonjs-gui": {
      "version": "4.1.0-beta.3",
      "resolved": "https://registry.npmjs.org/babylonjs-gui/-/babylonjs-gui-4.1.0-beta.3.tgz",
      "integrity": "sha512-nPK1Fm/rol4eAlywYS63RF+wmulnMGYDAn6RvOC2u1xkxo0N4sX73nsUIErVPH5J7Rlkn9LTV66q8LQTHa8k3w==",
      "requires": {
        "babylonjs": "4.1.0-beta.3"
      }
    },
    "babylonjs-loaders": {
      "version": "4.1.0-beta.3",
      "resolved": "https://registry.npmjs.org/babylonjs-loaders/-/babylonjs-loaders-4.1.0-beta.3.tgz",
      "integrity": "sha512-7gCV6L6+352dyVUf5OvVoKlq4L0Jf1hhcCc/7dXWmpIK4+idTnSn6K+pp9nvhIOXAKSArPBrxVR5hRKdZwQlBA==",
      "requires": {
        "babylonjs": "4.1.0-beta.3",
        "babylonjs-gltf2interface": "4.1.0-beta.3"
      }
    },
    "babylonjs-materials": {
      "version": "4.1.0-beta.3",
      "resolved": "https://registry.npmjs.org/babylonjs-materials/-/babylonjs-materials-4.1.0-beta.3.tgz",
      "integrity": "sha512-fIQ1WuAbEEc6ta9JgZkIE1yBwi+/c7GtJhv1rq9E3jsXfktK0ZBrjE0z6vgZg/7e65gURvgxO85dJ99GejE/lA==",
      "requires": {
        "babylonjs": "4.1.0-beta.3"
      }
    },
    "babylonjs-post-process": {
      "version": "4.1.0-beta.3",
      "resolved": "https://registry.npmjs.org/babylonjs-post-process/-/babylonjs-post-process-4.1.0-beta.3.tgz",
      "integrity": "sha512-ZS3SKlw3G+wDCOoNwEbwQnJ0QAGFWZaAQEpfUn33I53XcP89nWG+JqWsJ6i+7jtoW4mwbjq1GlgzrAeyOo1/Rg==",
      "requires": {
        "babylonjs": "4.1.0-beta.3"
      }
    },
    "babylonjs-procedural-textures": {
      "version": "4.1.0-beta.3",
      "resolved": "https://registry.npmjs.org/babylonjs-procedural-textures/-/babylonjs-procedural-textures-4.1.0-beta.3.tgz",
      "integrity": "sha512-hseXYSTbp2ElpAaOK2cONXo0PvPXJpatFECdLYSlnzzLje0jMWQI15M4hhCXsf5Yfs/D60fYOul625DQqZNQOQ==",
      "requires": {
        "babylonjs": "4.1.0-beta.3"
      }
    },
    "balanced-match": {
      "version": "1.0.0",
      "resolved": "https://registry.npmjs.org/balanced-match/-/balanced-match-1.0.0.tgz",
      "integrity": "sha1-ibTRmasr7kneFk6gK4nORi1xt2c="
    },
    "basic-auth": {
      "version": "1.1.0",
      "resolved": "https://registry.npmjs.org/basic-auth/-/basic-auth-1.1.0.tgz",
      "integrity": "sha1-RSIe5Cn37h5QNb4/UVM/HN/SmIQ=",
      "dev": true
    },
    "brace-expansion": {
      "version": "1.1.11",
      "resolved": "https://registry.npmjs.org/brace-expansion/-/brace-expansion-1.1.11.tgz",
      "integrity": "sha512-iCuPHDFgrHX7H2vEI/5xpz07zSHB00TpugqhmYtVmMO6518mCuRMoOYFldEBl0g187ufozdaHgWKcYFb61qGiA==",
      "requires": {
        "balanced-match": "^1.0.0",
        "concat-map": "0.0.1"
      }
    },
    "cannon": {
      "version": "0.6.2",
      "resolved": "https://registry.npmjs.org/cannon/-/cannon-0.6.2.tgz",
      "integrity": "sha1-HnvHLdWEGYLzwQTCvFeL+k+xxXI="
    },
    "colors": {
      "version": "1.4.0",
      "resolved": "https://registry.npmjs.org/colors/-/colors-1.4.0.tgz",
      "integrity": "sha512-a+UqTh4kgZg/SlGvfbzDHpgRu7AAQOmmqRHJnxhRZICKFUT91brVhNNt58CMWU9PsBbv3PDCZUHbVxuDiH2mtA==",
      "dev": true
    },
    "concat-map": {
      "version": "0.0.1",
      "resolved": "https://registry.npmjs.org/concat-map/-/concat-map-0.0.1.tgz",
      "integrity": "sha1-2Klr13/Wjfd5OnMDajug1UBdR3s="
    },
    "corser": {
      "version": "2.0.1",
      "resolved": "https://registry.npmjs.org/corser/-/corser-2.0.1.tgz",
      "integrity": "sha1-jtolLsqrWEDc2XXOuQ2TcMgZ/4c=",
      "dev": true
    },
    "debug": {
      "version": "3.2.6",
      "resolved": "https://registry.npmjs.org/debug/-/debug-3.2.6.tgz",
      "integrity": "sha512-mel+jf7nrtEl5Pn1Qx46zARXKDpBbvzezse7p7LqINmdoIk8PYP5SySaxEmYv6TZ0JyEKA1hsCId6DIhgITtWQ==",
      "dev": true,
      "requires": {
        "ms": "^2.1.1"
      }
    },
    "earcut": {
      "version": "2.1.5",
      "resolved": "https://registry.npmjs.org/earcut/-/earcut-2.1.5.tgz",
      "integrity": "sha512-QFWC7ywTVLtvRAJTVp8ugsuuGQ5mVqNmJ1cRYeLrSHgP3nycr2RHTJob9OtM0v8ujuoKN0NY1a93J/omeTL1PA=="
    },
    "ecstatic": {
      "version": "3.3.2",
      "resolved": "https://registry.npmjs.org/ecstatic/-/ecstatic-3.3.2.tgz",
      "integrity": "sha512-fLf9l1hnwrHI2xn9mEDT7KIi22UDqA2jaCwyCbSUJh9a1V+LEUSL/JO/6TIz/QyuBURWUHrFL5Kg2TtO1bkkog==",
      "dev": true,
      "requires": {
        "he": "^1.1.1",
        "mime": "^1.6.0",
        "minimist": "^1.1.0",
        "url-join": "^2.0.5"
      }
    },
    "es6-promise": {
      "version": "4.1.1",
      "resolved": "https://registry.npmjs.org/es6-promise/-/es6-promise-4.1.1.tgz",
      "integrity": "sha512-OaU1hHjgJf+b0NzsxCg7NdIYERD6Hy/PEmFLTjw+b65scuisG3Kt4QoTvJ66BBkPZ581gr0kpoVzKnxniM8nng=="
    },
    "eventemitter3": {
      "version": "4.0.4",
      "resolved": "https://registry.npmjs.org/eventemitter3/-/eventemitter3-4.0.4.tgz",
      "integrity": "sha512-rlaVLnVxtxvoyLsQQFBx53YmXHDxRIzzTLbdfxqi4yocpSjAxXwkU0cScM5JgSKMqEhrZpnvQ2D9gjylR0AimQ==",
      "dev": true
    },
    "follow-redirects": {
      "version": "1.11.0",
      "resolved": "https://registry.npmjs.org/follow-redirects/-/follow-redirects-1.11.0.tgz",
      "integrity": "sha512-KZm0V+ll8PfBrKwMzdo5D13b1bur9Iq9Zd/RMmAoQQcl2PxxFml8cxXPaaPYVbV0RjNjq1CU7zIzAOqtUPudmA==",
      "dev": true,
      "requires": {
        "debug": "^3.0.0"
      }
    },
    "fs.realpath": {
      "version": "1.0.0",
      "resolved": "https://registry.npmjs.org/fs.realpath/-/fs.realpath-1.0.0.tgz",
      "integrity": "sha1-FQStJSMVjKpA20onh8sBQRmU6k8="
    },
    "glob": {
      "version": "7.1.6",
      "resolved": "https://registry.npmjs.org/glob/-/glob-7.1.6.tgz",
      "integrity": "sha512-LwaxwyZ72Lk7vZINtNNrywX0ZuLyStrdDtabefZKAY5ZGJhVtgdznluResxNmPitE0SAO+O26sWTHeKSI2wMBA==",
      "requires": {
        "fs.realpath": "^1.0.0",
        "inflight": "^1.0.4",
        "inherits": "2",
        "minimatch": "^3.0.4",
        "once": "^1.3.0",
        "path-is-absolute": "^1.0.0"
      }
    },
    "he": {
      "version": "1.2.0",
      "resolved": "https://registry.npmjs.org/he/-/he-1.2.0.tgz",
      "integrity": "sha512-F/1DnUGPopORZi0ni+CvrCgHQ5FyEAHRLSApuYWMmrbSwoN2Mn/7k+Gl38gJnR7yyDZk6WLXwiGod1JOWNDKGw==",
      "dev": true
    },
    "http-proxy": {
      "version": "1.18.1",
      "resolved": "https://registry.npmjs.org/http-proxy/-/http-proxy-1.18.1.tgz",
      "integrity": "sha512-7mz/721AbnJwIVbnaSv1Cz3Am0ZLT/UBwkC92VlxhXv/k/BBQfM2fXElQNC27BVGr0uwUpplYPQM9LnaBMR5NQ==",
      "dev": true,
      "requires": {
        "eventemitter3": "^4.0.0",
        "follow-redirects": "^1.0.0",
        "requires-port": "^1.0.0"
      }
    },
    "http-server": {
      "version": "0.12.3",
      "resolved": "https://registry.npmjs.org/http-server/-/http-server-0.12.3.tgz",
      "integrity": "sha512-be0dKG6pni92bRjq0kvExtj/NrrAd28/8fCXkaI/4piTwQMSDSLMhWyW0NI1V+DBI3aa1HMlQu46/HjVLfmugA==",
      "dev": true,
      "requires": {
        "basic-auth": "^1.0.3",
        "colors": "^1.4.0",
        "corser": "^2.0.1",
        "ecstatic": "^3.3.2",
        "http-proxy": "^1.18.0",
        "minimist": "^1.2.5",
        "opener": "^1.5.1",
        "portfinder": "^1.0.25",
        "secure-compare": "3.0.1",
        "union": "~0.5.0"
      }
    },
    "inflight": {
      "version": "1.0.6",
      "resolved": "https://registry.npmjs.org/inflight/-/inflight-1.0.6.tgz",
      "integrity": "sha1-Sb1jMdfQLQwJvJEKEHW6gWW1bfk=",
      "requires": {
        "once": "^1.3.0",
        "wrappy": "1"
      }
    },
    "inherits": {
      "version": "2.0.4",
      "resolved": "https://registry.npmjs.org/inherits/-/inherits-2.0.4.tgz",
      "integrity": "sha512-k/vGaX4/Yla3WzyMCvTQOXYeIHvqOKtnqBduzTHpzpQZzAskKMhZ2K+EnBiSM9zGSoIFeMpXKxa4dYeZIQqewQ=="
    },
    "litegraph.js": {
      "version": "0.7.0",
      "resolved": "https://registry.npmjs.org/litegraph.js/-/litegraph.js-0.7.0.tgz",
      "integrity": "sha512-IAFE+92moYuHlmmDjcJjC/orP/xfBuILKjSCImr5PlEcohdXUr5kj4rBgnmTviEZY8i6KUhgYO97kHmhxrvvlg=="
    },
    "lodash": {
      "version": "4.17.15",
      "resolved": "https://registry.npmjs.org/lodash/-/lodash-4.17.15.tgz",
      "integrity": "sha512-8xOcRHvCjnocdS5cpwXQXVzmmh5e5+saE2QGoeQmbKmRS6J3VQppPOIt0MnmE+4xlZoumy0GPG0D0MVIQbNA1A==",
      "dev": true
    },
    "mime": {
      "version": "1.6.0",
      "resolved": "https://registry.npmjs.org/mime/-/mime-1.6.0.tgz",
      "integrity": "sha512-x0Vn8spI+wuJ1O6S7gnbaQg8Pxh4NNHb7KSINmEWKiPE4RKOplvijn+NkmYmmRgP68mc70j2EbeTFRsrswaQeg==",
      "dev": true
    },
    "minimatch": {
      "version": "3.0.4",
      "resolved": "https://registry.npmjs.org/minimatch/-/minimatch-3.0.4.tgz",
      "integrity": "sha512-yJHVQEhyqPLUTgt9B83PXu6W3rx4MvvHvSUvToogpwoGDOUQ+yDrR0HRot+yOCdCO7u4hX3pWft6kWBBcqh0UA==",
      "requires": {
        "brace-expansion": "^1.1.7"
      }
    },
    "minimist": {
      "version": "1.2.5",
      "resolved": "https://registry.npmjs.org/minimist/-/minimist-1.2.5.tgz",
      "integrity": "sha512-FM9nNUYrRBAELZQT3xeZQ7fmMOBg6nWNmJKTcgsJeaLstP/UODVpGsr5OhXhhXg6f+qtJ8uiZ+PUxkDWcgIXLw==",
      "dev": true
    },
    "mkdirp": {
      "version": "0.5.5",
      "resolved": "https://registry.npmjs.org/mkdirp/-/mkdirp-0.5.5.tgz",
      "integrity": "sha512-NKmAlESf6jMGym1++R0Ra7wvhV+wFW63FaSOFPwRahvea0gMUcGUhVeAg/0BC0wiv9ih5NYPB1Wn1UEI1/L+xQ==",
      "dev": true,
      "requires": {
        "minimist": "^1.2.5"
      }
    },
    "ms": {
      "version": "2.1.2",
      "resolved": "https://registry.npmjs.org/ms/-/ms-2.1.2.tgz",
      "integrity": "sha512-sGkPx+VjMtmA6MX27oA4FBFELFCZZ4S4XqeGOXCv68tT+jb3vk/RyaKWP0PTKyWtmLSM0b+adUTEvbs1PEaH2w==",
      "dev": true
    },
    "once": {
      "version": "1.4.0",
      "resolved": "https://registry.npmjs.org/once/-/once-1.4.0.tgz",
      "integrity": "sha1-WDsap3WWHUsROsF9nFC6753Xa9E=",
      "requires": {
        "wrappy": "1"
      }
    },
    "opener": {
      "version": "1.5.1",
      "resolved": "https://registry.npmjs.org/opener/-/opener-1.5.1.tgz",
      "integrity": "sha512-goYSy5c2UXE4Ra1xixabeVh1guIX/ZV/YokJksb6q2lubWu6UbvPQ20p542/sFIll1nl8JnCyK9oBaOcCWXwvA==",
      "dev": true
    },
    "path-is-absolute": {
      "version": "1.0.1",
      "resolved": "https://registry.npmjs.org/path-is-absolute/-/path-is-absolute-1.0.1.tgz",
      "integrity": "sha1-F0uSaHNVNP+8es5r9TpanhtcX18="
    },
    "portfinder": {
      "version": "1.0.26",
      "resolved": "https://registry.npmjs.org/portfinder/-/portfinder-1.0.26.tgz",
      "integrity": "sha512-Xi7mKxJHHMI3rIUrnm/jjUgwhbYMkp/XKEcZX3aG4BrumLpq3nmoQMX+ClYnDZnZ/New7IatC1no5RX0zo1vXQ==",
      "dev": true,
      "requires": {
        "async": "^2.6.2",
        "debug": "^3.1.1",
        "mkdirp": "^0.5.1"
      }
    },
    "qs": {
      "version": "6.9.4",
      "resolved": "https://registry.npmjs.org/qs/-/qs-6.9.4.tgz",
      "integrity": "sha512-A1kFqHekCTM7cz0udomYUoYNWjBebHm/5wzU/XqrBRBNWectVH0QIiN+NEcZ0Dte5hvzHwbr8+XQmguPhJ6WdQ==",
      "dev": true
    },
    "requires-port": {
      "version": "1.0.0",
      "resolved": "https://registry.npmjs.org/requires-port/-/requires-port-1.0.0.tgz",
      "integrity": "sha1-kl0mAdOaxIXgkc8NpcbmlNw9yv8=",
      "dev": true
    },
    "rimraf": {
      "version": "2.6.3",
      "resolved": "https://registry.npmjs.org/rimraf/-/rimraf-2.6.3.tgz",
      "integrity": "sha512-mwqeW5XsA2qAejG46gYdENaxXjx9onRNCfn7L0duuP4hCuTIi/QO7PDK07KJfp1d+izWPrzEJDcSqBa0OZQriA==",
      "requires": {
        "glob": "^7.1.3"
      }
    },
    "secure-compare": {
      "version": "3.0.1",
      "resolved": "https://registry.npmjs.org/secure-compare/-/secure-compare-3.0.1.tgz",
      "integrity": "sha1-8aAymzCLIh+uN7mXTz1XjQypmeM=",
      "dev": true
    },
    "systemjs": {
      "version": "0.20.19",
      "resolved": "https://registry.npmjs.org/systemjs/-/systemjs-0.20.19.tgz",
      "integrity": "sha512-H/rKwNEEyej/+IhkmFNmKFyJul8tbH/muiPq5TyNoVTwsGhUjRsN3NlFnFQUvFXA3+GQmsXkCNXU6QKPl779aw=="
    },
    "systemjs-plugin-css": {
      "version": "0.1.37",
      "resolved": "https://registry.npmjs.org/systemjs-plugin-css/-/systemjs-plugin-css-0.1.37.tgz",
      "integrity": "sha512-wCGG62zYXuOlNji5FlBjeMFAnLeAO/HQmFg+8UBX/mlHoAKLHlGFYRstlhGKibRU2oxk/BH9DaihOuhhNLi7Kg=="
    },
    "typescript": {
      "version": "3.5.1",
      "resolved": "https://registry.npmjs.org/typescript/-/typescript-3.5.1.tgz",
      "integrity": "sha512-64HkdiRv1yYZsSe4xC1WVgamNigVYjlssIoaH2HcZF0+ijsk5YK2g0G34w9wJkze8+5ow4STd22AynfO6ZYYLw==",
      "dev": true
    },
    "union": {
      "version": "0.5.0",
      "resolved": "https://registry.npmjs.org/union/-/union-0.5.0.tgz",
      "integrity": "sha512-N6uOhuW6zO95P3Mel2I2zMsbsanvvtgn6jVqJv4vbVcz/JN0OkL9suomjQGmWtxJQXOCqUJvquc1sMeNz/IwlA==",
      "dev": true,
      "requires": {
        "qs": "^6.4.0"
      }
    },
    "url-join": {
      "version": "2.0.5",
      "resolved": "https://registry.npmjs.org/url-join/-/url-join-2.0.5.tgz",
      "integrity": "sha1-WvIvGMBSoACkjXuCxenC4v7tpyg=",
      "dev": true
    },
    "wrappy": {
      "version": "1.0.2",
      "resolved": "https://registry.npmjs.org/wrappy/-/wrappy-1.0.2.tgz",
      "integrity": "sha1-tSQ9jz7BqjXxNkYFvA0QNuMKtp8="
    }
  }
}
